
Microsoft Visual Studio Solution File, Format Version 12.00
# Visual Studio 14
VisualStudioVersion = 14.0.23107.0
MinimumVisualStudioVersion = 10.0.40219.1
Project("{F184B08F-C81C-45F6-A57F-5ABD9991F28F}") = "CardsSerializeDeserialize", "CardsSerializeDeserialize.vbproj", "{516FBD28-E3E9-4662-BBEE-D8077462C163}"
EndProject
Global
	GlobalSection(SolutionConfigurationPlatforms) = preSolution
		Debug|x86 = Debug|x86
		Release|x86 = Release|x86
	EndGlobalSection
	GlobalSection(ProjectConfigurationPlatforms) = postSolution
		{516FBD28-E3E9-4662-BBEE-D8077462C163}.Debug|x86.ActiveCfg = Debug|x86
		{516FBD28-E3E9-4662-BBEE-D8077462C163}.Debug|x86.Build.0 = Debug|x86
		{516FBD28-E3E9-4662-BBEE-D8077462C163}.Release|x86.ActiveCfg = Release|x86
		{516FBD28-E3E9-4662-BBEE-D8077462C163}.Release|x86.Build.0 = Release|x86
	EndGlobalSection
	GlobalSection(SolutionProperties) = preSolution
		HideSolutionNode = FALSE
	EndGlobalSection
EndGlobal
